
Microsoft Visual Studio Solution File, Format Version 12.00
# Visual Studio Version 17
VisualStudioVersion = 17.4.33122.133
MinimumVisualStudioVersion = 10.0.40219.1
Project("{FAE04EC0-301F-11D3-BF4B-00C04F79EFBC}") = "19-GitManip", "19-GitManip.csproj", "{C96245F7-9538-438F-9C3C-76BF986BCF29}"
EndProject
Global
	GlobalSection(SolutionConfigurationPlatforms) = preSolution
		Debug|Any CPU = Debug|Any CPU
		Release|Any CPU = Release|Any CPU
	EndGlobalSection
	GlobalSection(ProjectConfigurationPlatforms) = postSolution
		{C96245F7-9538-438F-9C3C-76BF986BCF29}.Debug|Any CPU.ActiveCfg = Debug|Any CPU
		{C96245F7-9538-438F-9C3C-76BF986BCF29}.Debug|Any CPU.Build.0 = Debug|Any CPU
		{C96245F7-9538-438F-9C3C-76BF986BCF29}.Release|Any CPU.ActiveCfg = Release|Any CPU
		{C96245F7-9538-438F-9C3C-76BF986BCF29}.Release|Any CPU.Build.0 = Release|Any CPU
	EndGlobalSection
	GlobalSection(SolutionProperties) = preSolution
		HideSolutionNode = FALSE
	EndGlobalSection
	GlobalSection(ExtensibilityGlobals) = postSolution
		SolutionGuid = {A02BD070-438F-4572-8A9B-404C0FA6F3DC}
	EndGlobalSection
EndGlobal
